
Microsoft Visual Studio Solution File, Format Version 12.00
# Visual Studio 14
VisualStudioVersion = 14.0.24720.0
MinimumVisualStudioVersion = 10.0.40219.1
Project("{FAE04EC0-301F-11D3-BF4B-00C04F79EFBC}") = "Dilizity.Core.DAL", "Dilizity.Core.DAL\Dilizity.Core.DAL.csproj", "{2061312B-679F-45C6-A603-9970D6083AC7}"
EndProject
Project("{FAE04EC0-301F-11D3-BF4B-00C04F79EFBC}") = "DALTest", "DALTest\DALTest.csproj", "{DE9333DE-5B28-4AAF-8CD8-C5A7F952F8F2}"
EndProject
Project("{FAE04EC0-301F-11D3-BF4B-00C04F79EFBC}") = "Dilizity.Core.Util", "Dilizity.Core.Util\Dilizity.Core.Util.csproj", "{746B8E1E-FF8F-4DC3-99EE-CFF42F0AEECA}"
EndProject
Project("{FAE04EC0-301F-11D3-BF4B-00C04F79EFBC}") = "Dilizity.API.ReportingMIS", "Dilizity.API.Security\Dilizity.API.ReportingMIS.csproj", "{A9892BCF-CBA8-4401-9A07-AC0A46268FA2}"
EndProject
Project("{FAE04EC0-301F-11D3-BF4B-00C04F79EFBC}") = "Dilizity.Messaging", "Dilizity.Messaging\Dilizity.Messaging.csproj", "{960A8611-6656-4842-B8E7-F728CF22AC25}"
EndProject
Project("{FAE04EC0-301F-11D3-BF4B-00C04F79EFBC}") = "Dilizity.Business.Common", "Dilizity.Common\Dilizity.Business.Common.csproj", "{ADEE973B-5F3A-4099-A5A1-A0D52E864B49}"
EndProject
Project("{FAE04EC0-301F-11D3-BF4B-00C04F79EFBC}") = "PasswordUtility", "PasswordUtility\PasswordUtility.csproj", "{8F84B865-8693-40B0-AB14-68F2E577CC01}"
EndProject
Project("{2150E333-8FDC-42A3-9474-1A3956D46DE8}") = "Solution Items", "Solution Items", "{726085BD-1E44-4505-BD28-E7629B0ED717}"
	ProjectSection(SolutionItems) = preProject
		ExternalDependencies\JWT.dll = ExternalDependencies\JWT.dll
	EndProjectSection
EndProject
Global
	GlobalSection(SolutionConfigurationPlatforms) = preSolution
		Debug|Any CPU = Debug|Any CPU
		Debug|ARM = Debug|ARM
		Debug|Mixed Platforms = Debug|Mixed Platforms
		Debug|x64 = Debug|x64
		Debug|x86 = Debug|x86
		Release|Any CPU = Release|Any CPU
		Release|ARM = Release|ARM
		Release|Mixed Platforms = Release|Mixed Platforms
		Release|x64 = Release|x64
		Release|x86 = Release|x86
	EndGlobalSection
	GlobalSection(ProjectConfigurationPlatforms) = postSolution
		{2061312B-679F-45C6-A603-9970D6083AC7}.Debug|Any CPU.ActiveCfg = Debug|Any CPU
		{2061312B-679F-45C6-A603-9970D6083AC7}.Debug|Any CPU.Build.0 = Debug|Any CPU
		{2061312B-679F-45C6-A603-9970D6083AC7}.Debug|ARM.ActiveCfg = Debug|Any CPU
		{2061312B-679F-45C6-A603-9970D6083AC7}.Debug|ARM.Build.0 = Debug|Any CPU
		{2061312B-679F-45C6-A603-9970D6083AC7}.Debug|Mixed Platforms.ActiveCfg = Debug|Any CPU
		{2061312B-679F-45C6-A603-9970D6083AC7}.Debug|Mixed Platforms.Build.0 = Debug|Any CPU
		{2061312B-679F-45C6-A603-9970D6083AC7}.Debug|x64.ActiveCfg = Debug|Any CPU
		{2061312B-679F-45C6-A603-9970D6083AC7}.Debug|x64.Build.0 = Debug|Any CPU
		{2061312B-679F-45C6-A603-9970D6083AC7}.Debug|x86.ActiveCfg = Debug|Any CPU
		{2061312B-679F-45C6-A603-9970D6083AC7}.Release|Any CPU.ActiveCfg = Release|Any CPU
		{2061312B-679F-45C6-A603-9970D6083AC7}.Release|Any CPU.Build.0 = Release|Any CPU
		{2061312B-679F-45C6-A603-9970D6083AC7}.Release|ARM.ActiveCfg = Release|Any CPU
		{2061312B-679F-45C6-A603-9970D6083AC7}.Release|ARM.Build.0 = Release|Any CPU
		{2061312B-679F-45C6-A603-9970D6083AC7}.Release|Mixed Platforms.ActiveCfg = Release|Any CPU
		{2061312B-679F-45C6-A603-9970D6083AC7}.Release|Mixed Platforms.Build.0 = Release|Any CPU
		{2061312B-679F-45C6-A603-9970D6083AC7}.Release|x64.ActiveCfg = Release|Any CPU
		{2061312B-679F-45C6-A603-9970D6083AC7}.Release|x64.Build.0 = Release|Any CPU
		{2061312B-679F-45C6-A603-9970D6083AC7}.Release|x86.ActiveCfg = Release|Any CPU
		{DE9333DE-5B28-4AAF-8CD8-C5A7F952F8F2}.Debug|Any CPU.ActiveCfg = Debug|x86
		{DE9333DE-5B28-4AAF-8CD8-C5A7F952F8F2}.Debug|ARM.ActiveCfg = Debug|x86
		{DE9333DE-5B28-4AAF-8CD8-C5A7F952F8F2}.Debug|Mixed Platforms.ActiveCfg = Debug|x86
		{DE9333DE-5B28-4AAF-8CD8-C5A7F952F8F2}.Debug|Mixed Platforms.Build.0 = Debug|x86
		{DE9333DE-5B28-4AAF-8CD8-C5A7F952F8F2}.Debug|x64.ActiveCfg = Debug|x86
		{DE9333DE-5B28-4AAF-8CD8-C5A7F952F8F2}.Debug|x86.ActiveCfg = Debug|x86
		{DE9333DE-5B28-4AAF-8CD8-C5A7F952F8F2}.Debug|x86.Build.0 = Debug|x86
		{DE9333DE-5B28-4AAF-8CD8-C5A7F952F8F2}.Release|Any CPU.ActiveCfg = Release|x86
		{DE9333DE-5B28-4AAF-8CD8-C5A7F952F8F2}.Release|ARM.ActiveCfg = Release|x86
		{DE9333DE-5B28-4AAF-8CD8-C5A7F952F8F2}.Release|Mixed Platforms.ActiveCfg = Release|x86
		{DE9333DE-5B28-4AAF-8CD8-C5A7F952F8F2}.Release|Mixed Platforms.Build.0 = Release|x86
		{DE9333DE-5B28-4AAF-8CD8-C5A7F952F8F2}.Release|x64.ActiveCfg = Release|x86
		{DE9333DE-5B28-4AAF-8CD8-C5A7F952F8F2}.Release|x86.ActiveCfg = Release|x86
		{DE9333DE-5B28-4AAF-8CD8-C5A7F952F8F2}.Release|x86.Build.0 = Release|x86
		{746B8E1E-FF8F-4DC3-99EE-CFF42F0AEECA}.Debug|Any CPU.ActiveCfg = Debug|Any CPU
		{746B8E1E-FF8F-4DC3-99EE-CFF42F0AEECA}.Debug|Any CPU.Build.0 = Debug|Any CPU
		{746B8E1E-FF8F-4DC3-99EE-CFF42F0AEECA}.Debug|ARM.ActiveCfg = Debug|Any CPU
		{746B8E1E-FF8F-4DC3-99EE-CFF42F0AEECA}.Debug|ARM.Build.0 = Debug|Any CPU
		{746B8E1E-FF8F-4DC3-99EE-CFF42F0AEECA}.Debug|Mixed Platforms.ActiveCfg = Debug|Any CPU
		{746B8E1E-FF8F-4DC3-99EE-CFF42F0AEECA}.Debug|Mixed Platforms.Build.0 = Debug|Any CPU
		{746B8E1E-FF8F-4DC3-99EE-CFF42F0AEECA}.Debug|x64.ActiveCfg = Debug|Any CPU
		{746B8E1E-FF8F-4DC3-99EE-CFF42F0AEECA}.Debug|x64.Build.0 = Debug|Any CPU
		{746B8E1E-FF8F-4DC3-99EE-CFF42F0AEECA}.Debug|x86.ActiveCfg = Debug|Any CPU
		{746B8E1E-FF8F-4DC3-99EE-CFF42F0AEECA}.Release|Any CPU.ActiveCfg = Release|Any CPU
		{746B8E1E-FF8F-4DC3-99EE-CFF42F0AEECA}.Release|Any CPU.Build.0 = Release|Any CPU
		{746B8E1E-FF8F-4DC3-99EE-CFF42F0AEECA}.Release|ARM.ActiveCfg = Release|Any CPU
		{746B8E1E-FF8F-4DC3-99EE-CFF42F0AEECA}.Release|ARM.Build.0 = Release|Any CPU
		{746B8E1E-FF8F-4DC3-99EE-CFF42F0AEECA}.Release|Mixed Platforms.ActiveCfg = Release|Any CPU
		{746B8E1E-FF8F-4DC3-99EE-CFF42F0AEECA}.Release|Mixed Platforms.Build.0 = Release|Any CPU
		{746B8E1E-FF8F-4DC3-99EE-CFF42F0AEECA}.Release|x64.ActiveCfg = Release|Any CPU
		{746B8E1E-FF8F-4DC3-99EE-CFF42F0AEECA}.Release|x64.Build.0 = Release|Any CPU
		{746B8E1E-FF8F-4DC3-99EE-CFF42F0AEECA}.Release|x86.ActiveCfg = Release|Any CPU
		{A9892BCF-CBA8-4401-9A07-AC0A46268FA2}.Debug|Any CPU.ActiveCfg = Debug|Any CPU
		{A9892BCF-CBA8-4401-9A07-AC0A46268FA2}.Debug|Any CPU.Build.0 = Debug|Any CPU
		{A9892BCF-CBA8-4401-9A07-AC0A46268FA2}.Debug|ARM.ActiveCfg = Debug|Any CPU
		{A9892BCF-CBA8-4401-9A07-AC0A46268FA2}.Debug|ARM.Build.0 = Debug|Any CPU
		{A9892BCF-CBA8-4401-9A07-AC0A46268FA2}.Debug|Mixed Platforms.ActiveCfg = Debug|Any CPU
		{A9892BCF-CBA8-4401-9A07-AC0A46268FA2}.Debug|Mixed Platforms.Build.0 = Debug|Any CPU
		{A9892BCF-CBA8-4401-9A07-AC0A46268FA2}.Debug|x64.ActiveCfg = Debug|Any CPU
		{A9892BCF-CBA8-4401-9A07-AC0A46268FA2}.Debug|x64.Build.0 = Debug|Any CPU
		{A9892BCF-CBA8-4401-9A07-AC0A46268FA2}.Debug|x86.ActiveCfg = Debug|Any CPU
		{A9892BCF-CBA8-4401-9A07-AC0A46268FA2}.Debug|x86.Build.0 = Debug|Any CPU
		{A9892BCF-CBA8-4401-9A07-AC0A46268FA2}.Release|Any CPU.ActiveCfg = Release|Any CPU
		{A9892BCF-CBA8-4401-9A07-AC0A46268FA2}.Release|Any CPU.Build.0 = Release|Any CPU
		{A9892BCF-CBA8-4401-9A07-AC0A46268FA2}.Release|ARM.ActiveCfg = Release|Any CPU
		{A9892BCF-CBA8-4401-9A07-AC0A46268FA2}.Release|ARM.Build.0 = Release|Any CPU
		{A9892BCF-CBA8-4401-9A07-AC0A46268FA2}.Release|Mixed Platforms.ActiveCfg = Release|Any CPU
		{A9892BCF-CBA8-4401-9A07-AC0A46268FA2}.Release|Mixed Platforms.Build.0 = Release|Any CPU
		{A9892BCF-CBA8-4401-9A07-AC0A46268FA2}.Release|x64.ActiveCfg = Release|Any CPU
		{A9892BCF-CBA8-4401-9A07-AC0A46268FA2}.Release|x64.Build.0 = Release|Any CPU
		{A9892BCF-CBA8-4401-9A07-AC0A46268FA2}.Release|x86.ActiveCfg = Release|Any CPU
		{A9892BCF-CBA8-4401-9A07-AC0A46268FA2}.Release|x86.Build.0 = Release|Any CPU
		{960A8611-6656-4842-B8E7-F728CF22AC25}.Debug|Any CPU.ActiveCfg = Debug|Any CPU
		{960A8611-6656-4842-B8E7-F728CF22AC25}.Debug|Any CPU.Build.0 = Debug|Any CPU
		{960A8611-6656-4842-B8E7-F728CF22AC25}.Debug|ARM.ActiveCfg = Debug|Any CPU
		{960A8611-6656-4842-B8E7-F728CF22AC25}.Debug|ARM.Build.0 = Debug|Any CPU
		{960A8611-6656-4842-B8E7-F728CF22AC25}.Debug|Mixed Platforms.ActiveCfg = Debug|Any CPU
		{960A8611-6656-4842-B8E7-F728CF22AC25}.Debug|Mixed Platforms.Build.0 = Debug|Any CPU
		{960A8611-6656-4842-B8E7-F728CF22AC25}.Debug|x64.ActiveCfg = Debug|Any CPU
		{960A8611-6656-4842-B8E7-F728CF22AC25}.Debug|x64.Build.0 = Debug|Any CPU
		{960A8611-6656-4842-B8E7-F728CF22AC25}.Debug|x86.ActiveCfg = Debug|Any CPU
		{960A8611-6656-4842-B8E7-F728CF22AC25}.Debug|x86.Build.0 = Debug|Any CPU
		{960A8611-6656-4842-B8E7-F728CF22AC25}.Release|Any CPU.ActiveCfg = Release|Any CPU
		{960A8611-6656-4842-B8E7-F728CF22AC25}.Release|Any CPU.Build.0 = Release|Any CPU
		{960A8611-6656-4842-B8E7-F728CF22AC25}.Release|ARM.ActiveCfg = Release|Any CPU
		{960A8611-6656-4842-B8E7-F728CF22AC25}.Release|ARM.Build.0 = Release|Any CPU
		{960A8611-6656-4842-B8E7-F728CF22AC25}.Release|Mixed Platforms.ActiveCfg = Release|Any CPU
		{960A8611-6656-4842-B8E7-F728CF22AC25}.Release|Mixed Platforms.Build.0 = Release|Any CPU
		{960A8611-6656-4842-B8E7-F728CF22AC25}.Release|x64.ActiveCfg = Release|Any CPU
		{960A8611-6656-4842-B8E7-F728CF22AC25}.Release|x64.Build.0 = Release|Any CPU
		{960A8611-6656-4842-B8E7-F728CF22AC25}.Release|x86.ActiveCfg = Release|Any CPU
		{960A8611-6656-4842-B8E7-F728CF22AC25}.Release|x86.Build.0 = Release|Any CPU
		{ADEE973B-5F3A-4099-A5A1-A0D52E864B49}.Debug|Any CPU.ActiveCfg = Debug|Any CPU
		{ADEE973B-5F3A-4099-A5A1-A0D52E864B49}.Debug|Any CPU.Build.0 = Debug|Any CPU
		{ADEE973B-5F3A-4099-A5A1-A0D52E864B49}.Debug|ARM.ActiveCfg = Debug|Any CPU
		{ADEE973B-5F3A-4099-A5A1-A0D52E864B49}.Debug|ARM.Build.0 = Debug|Any CPU
		{ADEE973B-5F3A-4099-A5A1-A0D52E864B49}.Debug|Mixed Platforms.ActiveCfg = Debug|Any CPU
		{ADEE973B-5F3A-4099-A5A1-A0D52E864B49}.Debug|Mixed Platforms.Build.0 = Debug|Any CPU
		{ADEE973B-5F3A-4099-A5A1-A0D52E864B49}.Debug|x64.ActiveCfg = Debug|Any CPU
		{ADEE973B-5F3A-4099-A5A1-A0D52E864B49}.Debug|x64.Build.0 = Debug|Any CPU
		{ADEE973B-5F3A-4099-A5A1-A0D52E864B49}.Debug|x86.ActiveCfg = Debug|Any CPU
		{ADEE973B-5F3A-4099-A5A1-A0D52E864B49}.Debug|x86.Build.0 = Debug|Any CPU
		{ADEE973B-5F3A-4099-A5A1-A0D52E864B49}.Release|Any CPU.ActiveCfg = Release|Any CPU
		{ADEE973B-5F3A-4099-A5A1-A0D52E864B49}.Release|Any CPU.Build.0 = Release|Any CPU
		{ADEE973B-5F3A-4099-A5A1-A0D52E864B49}.Release|ARM.ActiveCfg = Release|Any CPU
		{ADEE973B-5F3A-4099-A5A1-A0D52E864B49}.Release|ARM.Build.0 = Release|Any CPU
		{ADEE973B-5F3A-4099-A5A1-A0D52E864B49}.Release|Mixed Platforms.ActiveCfg = Release|Any CPU
		{ADEE973B-5F3A-4099-A5A1-A0D52E864B49}.Release|Mixed Platforms.Build.0 = Release|Any CPU
		{ADEE973B-5F3A-4099-A5A1-A0D52E864B49}.Release|x64.ActiveCfg = Release|Any CPU
		{ADEE973B-5F3A-4099-A5A1-A0D52E864B49}.Release|x64.Build.0 = Release|Any CPU
		{ADEE973B-5F3A-4099-A5A1-A0D52E864B49}.Release|x86.ActiveCfg = Release|Any CPU
		{ADEE973B-5F3A-4099-A5A1-A0D52E864B49}.Release|x86.Build.0 = Release|Any CPU
		{8F84B865-8693-40B0-AB14-68F2E577CC01}.Debug|Any CPU.ActiveCfg = Debug|Any CPU
		{8F84B865-8693-40B0-AB14-68F2E577CC01}.Debug|Any CPU.Build.0 = Debug|Any CPU
		{8F84B865-8693-40B0-AB14-68F2E577CC01}.Debug|ARM.ActiveCfg = Debug|Any CPU
		{8F84B865-8693-40B0-AB14-68F2E577CC01}.Debug|ARM.Build.0 = Debug|Any CPU
		{8F84B865-8693-40B0-AB14-68F2E577CC01}.Debug|Mixed Platforms.ActiveCfg = Debug|Any CPU
		{8F84B865-8693-40B0-AB14-68F2E577CC01}.Debug|Mixed Platforms.Build.0 = Debug|Any CPU
		{8F84B865-8693-40B0-AB14-68F2E577CC01}.Debug|x64.ActiveCfg = Debug|Any CPU
		{8F84B865-8693-40B0-AB14-68F2E577CC01}.Debug|x64.Build.0 = Debug|Any CPU
		{8F84B865-8693-40B0-AB14-68F2E577CC01}.Debug|x86.ActiveCfg = Debug|Any CPU
		{8F84B865-8693-40B0-AB14-68F2E577CC01}.Debug|x86.Build.0 = Debug|Any CPU
		{8F84B865-8693-40B0-AB14-68F2E577CC01}.Release|Any CPU.ActiveCfg = Release|Any CPU
		{8F84B865-8693-40B0-AB14-68F2E577CC01}.Release|Any CPU.Build.0 = Release|Any CPU
		{8F84B865-8693-40B0-AB14-68F2E577CC01}.Release|ARM.ActiveCfg = Release|Any CPU
		{8F84B865-8693-40B0-AB14-68F2E577CC01}.Release|ARM.Build.0 = Release|Any CPU
		{8F84B865-8693-40B0-AB14-68F2E577CC01}.Release|Mixed Platforms.ActiveCfg = Release|Any CPU
		{8F84B865-8693-40B0-AB14-68F2E577CC01}.Release|Mixed Platforms.Build.0 = Release|Any CPU
		{8F84B865-8693-40B0-AB14-68F2E577CC01}.Release|x64.ActiveCfg = Release|Any CPU
		{8F84B865-8693-40B0-AB14-68F2E577CC01}.Release|x64.Build.0 = Release|Any CPU
		{8F84B865-8693-40B0-AB14-68F2E577CC01}.Release|x86.ActiveCfg = Release|Any CPU
		{8F84B865-8693-40B0-AB14-68F2E577CC01}.Release|x86.Build.0 = Release|Any CPU
	EndGlobalSection
	GlobalSection(SolutionProperties) = preSolution
		HideSolutionNode = FALSE
	EndGlobalSection
EndGlobal
